// !$*UTF8*$!
{
	archiveVersion = 1;
	classes = {
	};
	objectVersion = 46;
	objects = {

/* Begin PBXBuildFile section */
		2A22864D1E83C42900338D54 /* main.m in Sources */ = {isa = PBXBuildFile; fileRef = 2A22864C1E83C42900338D54 /* main.m */; };
		2A2286501E83C42900338D54 /* AppDelegate.m in Sources */ = {isa = PBXBuildFile; fileRef = 2A22864F1E83C42900338D54 /* AppDelegate.m */; };
		2A2286531E83C42900338D54 /* ViewController.m in Sources */ = {isa = PBXBuildFile; fileRef = 2A2286521E83C42900338D54 /* ViewController.m */; };
		2A2286561E83C42900338D54 /* Main.storyboard in Resources */ = {isa = PBXBuildFile; fileRef = 2A2286541E83C42900338D54 /* Main.storyboard */; };
		2A2286581E83C42900338D54 /* Assets.xcassets in Resources */ = {isa = PBXBuildFile; fileRef = 2A2286571E83C42900338D54 /* Assets.xcassets */; };
		2A22865B1E83C42900338D54 /* LaunchScreen.storyboard in Resources */ = {isa = PBXBuildFile; fileRef = 2A2286591E83C42900338D54 /* LaunchScreen.storyboard */; };
/* End PBXBuildFile section */

/* Begin PBXFileReference section */
		2A2286481E83C42900338D54 /* FFMpegTest.app */ = {isa = PBXFileReference; explicitFileType = wrapper.application; includeInIndex = 0; path = FFMpegTest.app; sourceTree = BUILT_PRODUCTS_DIR; };
		2A22864C1E83C42900338D54 /* main.m */ = {isa = PBXFileReference; lastKnownFileType = sourcecode.c.objc; path = main.m; sourceTree = "<group>"; };
		2A22864E1E83C42900338D54 /* AppDelegate.h */ = {isa = PBXFileReference; lastKnownFileType = sourcecode.c.h; path = AppDelegate.h; sourceTree = "<group>"; };
		2A22864F1E83C42900338D54 /* AppDelegate.m */ = {isa = PBXFileReference; lastKnownFileType = sourcecode.c.objc; path = AppDelegate.m; sourceTree = "<group>"; };
		2A2286511E83C42900338D54 /* ViewController.h */ = {isa = PBXFileReference; lastKnownFileType = sourcecode.c.h; path = ViewController.h; sourceTree = "<group>"; };
		2A2286521E83C42900338D54 /* ViewController.m */ = {isa = PBXFileReference; lastKnownFileType = sourcecode.c.objc; path = ViewController.m; sourceTree = "<group>"; };
		2A2286551E83C42900338D54 /* Base */ = {isa = PBXFileReference; lastKnownFileType = file.storyboard; name = Base; path = Base.lproj/Main.storyboard; sourceTree = "<group>"; };
		2A2286571E83C42900338D54 /* Assets.xcassets */ = {isa = PBXFileReference; lastKnownFileType = folder.assetcatalog; path = Assets.xcassets; sourceTree = "<group>"; };
		2A22865A1E83C42900338D54 /* Base */ = {isa = PBXFileReference; lastKnownFileType = file.storyboard; name = Base; path = Base.lproj/LaunchScreen.storyboard; sourceTree = "<group>"; };
		2A22865C1E83C42900338D54 /* Info.plist */ = {isa = PBXFileReference; lastKnownFileType = text.plist.xml; path = Info.plist; sourceTree = "<group>"; };
/* End PBXFileReference section */

/* Begin PBXFrameworksBuildPhase section */
		2A2286451E83C42900338D54 /* Frameworks */ = {
			isa = PBXFrameworksBuildPhase;
			buildActionMask = 2147483647;
			files = (
			);
			runOnlyForDeploymentPostprocessing = 0;
		};
/* End PBXFrameworksBuildPhase section */

/* Begin PBXGroup section */
		2A22863F1E83C42900338D54 = {
			isa = PBXGroup;
			children = (
				2A22864A1E83C42900338D54 /* FFMpegTest */,
				2A2286491E83C42900338D54 /* Products */,
			);
			sourceTree = "<group>";
		};
		2A2286491E83C42900338D54 /* Products */ = {
			isa = PBXGroup;
			children = (
				2A2286481E83C42900338D54 /* FFMpegTest.app */,
			);
			name = Products;
			sourceTree = "<group>";
		};
		2A22864A1E83C42900338D54 /* FFMpegTest */ = {
			isa = PBXGroup;
			children = (
				2A22864E1E83C42900338D54 /* AppDelegate.h */,
				2A22864F1E83C42900338D54 /* AppDelegate.m */,
				2A2286511E83C42900338D54 /* ViewController.h */,
				2A2286521E83C42900338D54 /* ViewController.m */,
				2A2286541E83C42900338D54 /* Main.storyboard */,
				2A2286571E83C42900338D54 /* Assets.xcassets */,
				2A2286591E83C42900338D54 /* LaunchScreen.storyboard */,
				2A22865C1E83C42900338D54 /* Info.plist */,
				2A22864B1E83C42900338D54 /* Supporting Files */,
			);
			path = FFMpegTest;
			sourceTree = "<group>";
		};
		2A22864B1E83C42900338D54 /* Supporting Files */ = {
			isa = PBXGroup;
			children = (
				2A22864C1E83C42900338D54 /* main.m */,
			);
			name = "Supporting Files";
			sourceTree = "<group>";
		};
/* End PBXGroup section */

/* Begin PBXNativeTarget section */
		2A2286471E83C42900338D54 /* FFMpegTest */ = {
			isa = PBXNativeTarget;
			buildConfigurationList = 2A22865F1E83C42900338D54 /* Build configuration list for PBXNativeTarget "FFMpegTest" */;
			buildPhases = (
				2A2286441E83C42900338D54 /* Sources */,
				2A2286451E83C42900338D54 /* Frameworks */,
				2A2286461E83C42900338D54 /* Resources */,
			);
			buildRules = (
			);
			dependencies = (
			);
			name = FFMpegTest;
			productName = FFMpegTest;
			productReference = 2A2286481E83C42900338D54 /* FFMpegTest.app */;
			productType = "com.apple.product-type.application";
		};
/* End PBXNativeTarget section */

/* Begin PBXProject section */
		2A2286401E83C42900338D54 /* Project object */ = {
			isa = PBXProject;
			attributes = {
				LastUpgradeCheck = 0820;
				ORGANIZATIONNAME = "刘健";
				TargetAttributes = {
					2A2286471E83C42900338D54 = {
						CreatedOnToolsVersion = 8.2.1;
						ProvisioningStyle = Automatic;
					};
				};
			};
			buildConfigurationList = 2A2286431E83C42900338D54 /* Build configuration list for PBXProject "FFMpegTest" */;
			compatibilityVersion = "Xcode 3.2";
			developmentRegion = English;
			hasScannedForEncodings = 0;
			knownRegions = (
				en,
				Base,
			);
			mainGroup = 2A22863F1E83C42900338D54;
			productRefGroup = 2A2286491E83C42900338D54 /* Products */;
			projectDirPath = "";
			projectRoot = "";
			targets = (
				2A2286471E83C42900338D54 /* FFMpegTest */,
			);
		};
/* End PBXProject section */

/* Begin PBXResourcesBuildPhase section */
		2A2286461E83C42900338D54 /* Resources */ = {
			isa = PBXResourcesBuildPhase;
			buildActionMask = 2147483647;
			files = (
				2A22865B1E83C42900338D54 /* LaunchScreen.storyboard in Resources */,
				2A2286581E83C42900338D54 /* Assets.xcassets in Resources */,
				2A2286561E83C42900338D54 /* Main.storyboard in Resources */,
			);
			runOnlyForDeploymentPostprocessing = 0;
		};
/* End PBXResourcesBuildPhase section */

/* Begin PBXSourcesBuildPhase section */
		2A2286441E83C42900338D54 /* Sources */ = {
			isa = PBXSourcesBuildPhase;
			buildActionMask = 2147483647;
			files = (
				2A2286531E83C42900338D54 /* ViewController.m in Sources */,
				2A2286501E83C42900338D54 /* AppDelegate.m in Sources */,
				2A22864D1E83C42900338D54 /* main.m in Sources */,
			);
			runOnlyForDeploymentPostprocessing = 0;
		};
/* End PBXSourcesBuildPhase section */

/* Begin PBXVariantGroup section */
		2A2286541E83C42900338D54 /* Main.storyboard */ = {
			isa = PBXVariantGroup;
			children = (
				2A2286551E83C42900338D54 /* Base */,
			);
			name = Main.storyboard;
			sourceTree = "<group>";
		};
		2A2286591E83C42900338D54 /* LaunchScreen.storyboard */ = {
			isa = PBXVariantGroup;
			children = (
				2A22865A1E83C42900338D54 /* Base */,
			);
			name = LaunchScreen.storyboard;
			sourceTree = "<group>";
		};
/* End PBXVariantGroup section */

/* Begin XCBuildConfiguration section */
		2A22865D1E83C42900338D54 /* Debug */ = {
			isa = XCBuildConfiguration;
			buildSettings = {
				ALWAYS_SEARCH_USER_PATHS = NO;
				CLANG_ANALYZER_NONNULL = YES;
				CLANG_CXX_LANGUAGE_STANDARD = "gnu++0x";
				CLANG_CXX_LIBRARY = "libc++";
				CLANG_ENABLE_MODULES = YES;
				CLANG_ENABLE_OBJC_ARC = YES;
				CLANG_WARN_BOOL_CONVERSION = YES;
				CLANG_WARN_CONSTANT_CONVERSION = YES;
				CLANG_WARN_DIRECT_OBJC_ISA_USAGE = YES_ERROR;
				CLANG_WARN_DOCUMENTATION_COMMENTS = YES;
				CLANG_WARN_EMPTY_BODY = YES;
				CLANG_WARN_ENUM_CONVERSION = YES;
				CLANG_WARN_INFINITE_RECURSION = YES;
				CLANG_WARN_INT_CONVERSION = YES;
				CLANG_WARN_OBJC_ROOT_CLASS = YES_ERROR;
				CLANG_WARN_SUSPICIOUS_MOVE = YES;
				CLANG_WARN_UNREACHABLE_CODE = YES;
				CLANG_WARN__DUPLICATE_METHOD_MATCH = YES;
				"CODE_SIGN_IDENTITY[sdk=iphoneos*]" = "iPhone Developer";
				COPY_PHASE_STRIP = NO;
				DEBUG_INFORMATION_FORMAT = dwarf;
				ENABLE_STRICT_OBJC_MSGSEND = YES;
				ENABLE_TESTABILITY = YES;
				GCC_C_LANGUAGE_STANDARD = gnu99;
				GCC_DYNAMIC_NO_PIC = NO;
				GCC_NO_COMMON_BLOCKS = YES;
				GCC_OPTIMIZATION_LEVEL = 0;
				GCC_PREPROCESSOR_DEFINITIONS = (
					"DEBUG=1",
					"$(inherited)",
				);
				GCC_WARN_64_TO_32_BIT_CONVERSION = YES;
				GCC_WARN_ABOUT_RETURN_TYPE = YES_ERROR;
				GCC_WARN_UNDECLARED_SELECTOR = YES;
				GCC_WARN_UNINITIALIZED_AUTOS = YES_AGGRESSIVE;
				GCC_WARN_UNUSED_FUNCTION = YES;
				GCC_WARN_UNUSED_VARIABLE = YES;
				IPHONEOS_DEPLOYMENT_TARGET = 10.2;
				MTL_ENABLE_DEBUG_INFO = YES;
				ONLY_ACTIVE_ARCH = YES;
				SDKROOT = iphoneos;
				TARGETED_DEVICE_FAMILY = "1,2";
			};
			name = Debug;
		};
		2A22865E1E83C42900338D54 /* Release */ = {
			isa = XCBuildConfiguration;
			buildSettings = {
				ALWAYS_SEARCH_USER_PATHS = NO;
				CLANG_ANALYZER_NONNULL = YES;
				CLANG_CXX_LANGUAGE_STANDARD = "gnu++0x";
				CLANG_CXX_LIBRARY = "libc++";
				CLANG_ENABLE_MODULES = YES;
				CLANG_ENABLE_OBJC_ARC = YES;
				CLANG_WARN_BOOL_CONVERSION = YES;
				CLANG_WARN_CONSTANT_CONVERSION = YES;
				CLANG_WARN_DIRECT_OBJC_ISA_USAGE = YES_ERROR;
				CLANG_WARN_DOCUMENTATION_COMMENTS = YES;
				CLANG_WARN_EMPTY_BODY = YES;
				CLANG_WARN_ENUM_CONVERSION = YES;
				CLANG_WARN_INFINITE_RECURSION = YES;
				CLANG_WARN_INT_CONVERSION = YES;
				CLANG_WARN_OBJC_ROOT_CLASS = YES_ERROR;
				CLANG_WARN_SUSPICIOUS_MOVE = YES;
				CLANG_WARN_UNREACHABLE_CODE = YES;
				CLANG_WARN__DUPLICATE_METHOD_MATCH = YES;
				"CODE_SIGN_IDENTITY[sdk=iphoneos*]" = "iPhone Developer";
				COPY_PHASE_STRIP = NO;
				DEBUG_INFORMATION_FORMAT = "dwarf-with-dsym";
				ENABLE_NS_ASSERTIONS = NO;
				ENABLE_STRICT_OBJC_MSGSEND = YES;
				GCC_C_LANGUAGE_STANDARD = gnu99;
				GCC_NO_COMMON_BLOCKS = YES;
				GCC_WARN_64_TO_32_BIT_CONVERSION = YES;
				GCC_WARN_ABOUT_RETURN_TYPE = YES_ERROR;
				GCC_WARN_UNDECLARED_SELECTOR = YES;
				GCC_WARN_UNINITIALIZED_AUTOS = YES_AGGRESSIVE;
				GCC_WARN_UNUSED_FUNCTION = YES;
				GCC_WARN_UNUSED_VARIABLE = YES;
				IPHONEOS_DEPLOYMENT_TARGET = 10.2;
				MTL_ENABLE_DEBUG_INFO = NO;
				SDKROOT = iphoneos;
				TARGETED_DEVICE_FAMILY = "1,2";
				VALIDATE_PRODUCT = YES;
			};
			name = Release;
		};
		2A2286601E83C42900338D54 /* Debug */ = {
			isa = XCBuildConfiguration;
			buildSettings = {
				ASSETCATALOG_COMPILER_APPICON_NAME = AppIcon;
				INFOPLIST_FILE = FFMpegTest/Info.plist;
				LD_RUNPATH_SEARCH_PATHS = "$(inherited) @executable_path/Frameworks";
				PRODUCT_BUNDLE_IDENTIFIER = www.lj.com.FFMpegTest;
				PRODUCT_NAME = "$(TARGET_NAME)";
			};
			name = Debug;
		};
		2A2286611E83C42900338D54 /* Release */ = {
			isa = XCBuildConfiguration;
			buildSettings = {
				ASSETCATALOG_COMPILER_APPICON_NAME = AppIcon;
				INFOPLIST_FILE = FFMpegTest/Info.plist;
				LD_RUNPATH_SEARCH_PATHS = "$(inherited) @executable_path/Frameworks";
				PRODUCT_BUNDLE_IDENTIFIER = www.lj.com.FFMpegTest;
				PRODUCT_NAME = "$(TARGET_NAME)";
			};
			name = Release;
		};
/* End XCBuildConfiguration section */

/* Begin XCConfigurationList section */
		2A2286431E83C42900338D54 /* Build configuration list for PBXProject "FFMpegTest" */ = {
			isa = XCConfigurationList;
			buildConfigurations = (
				2A22865D1E83C42900338D54 /* Debug */,
				2A22865E1E83C42900338D54 /* Release */,
			);
			defaultConfigurationIsVisible = 0;
			defaultConfigurationName = Release;
		};
		2A22865F1E83C42900338D54 /* Build configuration list for PBXNativeTarget "FFMpegTest" */ = {
			isa = XCConfigurationList;
			buildConfigurations = (
				2A2286601E83C42900338D54 /* Debug */,
				2A2286611E83C42900338D54 /* Release */,
			);
			defaultConfigurationIsVisible = 0;
		};
/* End XCConfigurationList section */
	};
	rootObject = 2A2286401E83C42900338D54 /* Project object */;
}
