// !$*UTF8*$!
{
	archiveVersion = 1;
	classes = {
	};
	objectVersion = 46;
	objects = {

/* Begin PBXBuildFile section */
		2A4107541E529B4C003699AF /* H264Encoder.m in Sources */ = {isa = PBXBuildFile; fileRef = 2A4107531E529B4C003699AF /* H264Encoder.m */; };
		2A4107571E52A3D7003699AF /* H264Decoder.m in Sources */ = {isa = PBXBuildFile; fileRef = 2A4107561E52A3D7003699AF /* H264Decoder.m */; };
		2A41075A1E52A642003699AF /* LYOpenGLView.m in Sources */ = {isa = PBXBuildFile; fileRef = 2A4107591E52A642003699AF /* LYOpenGLView.m */; };
		2A41075D1E52A708003699AF /* H264DecodeViewController.m in Sources */ = {isa = PBXBuildFile; fileRef = 2A41075C1E52A708003699AF /* H264DecodeViewController.m */; };
		2A4107601E52ACBA003699AF /* qwe.h264 in Resources */ = {isa = PBXBuildFile; fileRef = 2A41075E1E52ACBA003699AF /* qwe.h264 */; };
		2A4107611E52ACBA003699AF /* Shader.fsh in Resources */ = {isa = PBXBuildFile; fileRef = 2A41075F1E52ACBA003699AF /* Shader.fsh */; };
		2A4107631E52AF4C003699AF /* Shader.vsh in Resources */ = {isa = PBXBuildFile; fileRef = 2A4107621E52AF4C003699AF /* Shader.vsh */; };
		2AD5D6621E54245F00CBFA19 /* AACDecoder.m in Sources */ = {isa = PBXBuildFile; fileRef = 2AD5D6611E54245F00CBFA19 /* AACDecoder.m */; };
		2AD5D6651E5427A000CBFA19 /* AACEncoder.m in Sources */ = {isa = PBXBuildFile; fileRef = 2AD5D6641E5427A000CBFA19 /* AACEncoder.m */; };
		2AE42ECF1E2CC2B800923A61 /* main.m in Sources */ = {isa = PBXBuildFile; fileRef = 2AE42ECE1E2CC2B800923A61 /* main.m */; };
		2AE42ED21E2CC2B800923A61 /* AppDelegate.m in Sources */ = {isa = PBXBuildFile; fileRef = 2AE42ED11E2CC2B800923A61 /* AppDelegate.m */; };
		2AE42ED51E2CC2B800923A61 /* ViewController.m in Sources */ = {isa = PBXBuildFile; fileRef = 2AE42ED41E2CC2B800923A61 /* ViewController.m */; };
		2AE42ED81E2CC2B800923A61 /* Main.storyboard in Resources */ = {isa = PBXBuildFile; fileRef = 2AE42ED61E2CC2B800923A61 /* Main.storyboard */; };
		2AE42EDA1E2CC2B800923A61 /* Assets.xcassets in Resources */ = {isa = PBXBuildFile; fileRef = 2AE42ED91E2CC2B800923A61 /* Assets.xcassets */; };
		2AE42EDD1E2CC2B800923A61 /* LaunchScreen.storyboard in Resources */ = {isa = PBXBuildFile; fileRef = 2AE42EDB1E2CC2B800923A61 /* LaunchScreen.storyboard */; };
/* End PBXBuildFile section */

/* Begin PBXFileReference section */
		2A4107521E529B4C003699AF /* H264Encoder.h */ = {isa = PBXFileReference; fileEncoding = 4; lastKnownFileType = sourcecode.c.h; path = H264Encoder.h; sourceTree = "<group>"; };
		2A4107531E529B4C003699AF /* H264Encoder.m */ = {isa = PBXFileReference; fileEncoding = 4; lastKnownFileType = sourcecode.c.objc; path = H264Encoder.m; sourceTree = "<group>"; };
		2A4107551E52A3D7003699AF /* H264Decoder.h */ = {isa = PBXFileReference; fileEncoding = 4; lastKnownFileType = sourcecode.c.h; path = H264Decoder.h; sourceTree = "<group>"; };
		2A4107561E52A3D7003699AF /* H264Decoder.m */ = {isa = PBXFileReference; fileEncoding = 4; lastKnownFileType = sourcecode.c.objc; path = H264Decoder.m; sourceTree = "<group>"; };
		2A4107581E52A642003699AF /* LYOpenGLView.h */ = {isa = PBXFileReference; fileEncoding = 4; lastKnownFileType = sourcecode.c.h; path = LYOpenGLView.h; sourceTree = "<group>"; };
		2A4107591E52A642003699AF /* LYOpenGLView.m */ = {isa = PBXFileReference; fileEncoding = 4; lastKnownFileType = sourcecode.c.objc; path = LYOpenGLView.m; sourceTree = "<group>"; };
		2A41075B1E52A708003699AF /* H264DecodeViewController.h */ = {isa = PBXFileReference; fileEncoding = 4; lastKnownFileType = sourcecode.c.h; path = H264DecodeViewController.h; sourceTree = "<group>"; };
		2A41075C1E52A708003699AF /* H264DecodeViewController.m */ = {isa = PBXFileReference; fileEncoding = 4; lastKnownFileType = sourcecode.c.objc; path = H264DecodeViewController.m; sourceTree = "<group>"; };
		2A41075E1E52ACBA003699AF /* qwe.h264 */ = {isa = PBXFileReference; lastKnownFileType = file; path = qwe.h264; sourceTree = "<group>"; };
		2A41075F1E52ACBA003699AF /* Shader.fsh */ = {isa = PBXFileReference; fileEncoding = 4; lastKnownFileType = sourcecode.glsl; path = Shader.fsh; sourceTree = "<group>"; };
		2A4107621E52AF4C003699AF /* Shader.vsh */ = {isa = PBXFileReference; fileEncoding = 4; lastKnownFileType = sourcecode.glsl; path = Shader.vsh; sourceTree = "<group>"; };
		2AD5D6601E54245F00CBFA19 /* AACDecoder.h */ = {isa = PBXFileReference; fileEncoding = 4; lastKnownFileType = sourcecode.c.h; path = AACDecoder.h; sourceTree = "<group>"; };
		2AD5D6611E54245F00CBFA19 /* AACDecoder.m */ = {isa = PBXFileReference; fileEncoding = 4; lastKnownFileType = sourcecode.c.objc; path = AACDecoder.m; sourceTree = "<group>"; };
		2AD5D6631E5427A000CBFA19 /* AACEncoder.h */ = {isa = PBXFileReference; fileEncoding = 4; lastKnownFileType = sourcecode.c.h; path = AACEncoder.h; sourceTree = "<group>"; };
		2AD5D6641E5427A000CBFA19 /* AACEncoder.m */ = {isa = PBXFileReference; fileEncoding = 4; lastKnownFileType = sourcecode.c.objc; path = AACEncoder.m; sourceTree = "<group>"; };
		2AE42ECA1E2CC2B800923A61 /* VideoToolBox_Encode.app */ = {isa = PBXFileReference; explicitFileType = wrapper.application; includeInIndex = 0; path = VideoToolBox_Encode.app; sourceTree = BUILT_PRODUCTS_DIR; };
		2AE42ECE1E2CC2B800923A61 /* main.m */ = {isa = PBXFileReference; lastKnownFileType = sourcecode.c.objc; path = main.m; sourceTree = "<group>"; };
		2AE42ED01E2CC2B800923A61 /* AppDelegate.h */ = {isa = PBXFileReference; lastKnownFileType = sourcecode.c.h; path = AppDelegate.h; sourceTree = "<group>"; };
		2AE42ED11E2CC2B800923A61 /* AppDelegate.m */ = {isa = PBXFileReference; lastKnownFileType = sourcecode.c.objc; path = AppDelegate.m; sourceTree = "<group>"; };
		2AE42ED31E2CC2B800923A61 /* ViewController.h */ = {isa = PBXFileReference; lastKnownFileType = sourcecode.c.h; path = ViewController.h; sourceTree = "<group>"; };
		2AE42ED41E2CC2B800923A61 /* ViewController.m */ = {isa = PBXFileReference; lastKnownFileType = sourcecode.c.objc; path = ViewController.m; sourceTree = "<group>"; };
		2AE42ED71E2CC2B800923A61 /* Base */ = {isa = PBXFileReference; lastKnownFileType = file.storyboard; name = Base; path = Base.lproj/Main.storyboard; sourceTree = "<group>"; };
		2AE42ED91E2CC2B800923A61 /* Assets.xcassets */ = {isa = PBXFileReference; lastKnownFileType = folder.assetcatalog; path = Assets.xcassets; sourceTree = "<group>"; };
		2AE42EDC1E2CC2B800923A61 /* Base */ = {isa = PBXFileReference; lastKnownFileType = file.storyboard; name = Base; path = Base.lproj/LaunchScreen.storyboard; sourceTree = "<group>"; };
		2AE42EDE1E2CC2B800923A61 /* Info.plist */ = {isa = PBXFileReference; lastKnownFileType = text.plist.xml; path = Info.plist; sourceTree = "<group>"; };
/* End PBXFileReference section */

/* Begin PBXFrameworksBuildPhase section */
		2AE42EC71E2CC2B800923A61 /* Frameworks */ = {
			isa = PBXFrameworksBuildPhase;
			buildActionMask = 2147483647;
			files = (
			);
			runOnlyForDeploymentPostprocessing = 0;
		};
/* End PBXFrameworksBuildPhase section */

/* Begin PBXGroup section */
		2AE42EC11E2CC2B800923A61 = {
			isa = PBXGroup;
			children = (
				2AE42ECC1E2CC2B800923A61 /* VideoToolBox_Encode */,
				2AE42ECB1E2CC2B800923A61 /* Products */,
			);
			sourceTree = "<group>";
		};
		2AE42ECB1E2CC2B800923A61 /* Products */ = {
			isa = PBXGroup;
			children = (
				2AE42ECA1E2CC2B800923A61 /* VideoToolBox_Encode.app */,
			);
			name = Products;
			sourceTree = "<group>";
		};
		2AE42ECC1E2CC2B800923A61 /* VideoToolBox_Encode */ = {
			isa = PBXGroup;
			children = (
				2AE42ED01E2CC2B800923A61 /* AppDelegate.h */,
				2AE42ED11E2CC2B800923A61 /* AppDelegate.m */,
				2AE42ED31E2CC2B800923A61 /* ViewController.h */,
				2AE42ED41E2CC2B800923A61 /* ViewController.m */,
				2A41075B1E52A708003699AF /* H264DecodeViewController.h */,
				2A41075C1E52A708003699AF /* H264DecodeViewController.m */,
				2AE42ED61E2CC2B800923A61 /* Main.storyboard */,
				2AE42ED91E2CC2B800923A61 /* Assets.xcassets */,
				2AE42EDB1E2CC2B800923A61 /* LaunchScreen.storyboard */,
				2AE42EDE1E2CC2B800923A61 /* Info.plist */,
				2AE42ECD1E2CC2B800923A61 /* Supporting Files */,
				2A4107521E529B4C003699AF /* H264Encoder.h */,
				2A4107531E529B4C003699AF /* H264Encoder.m */,
				2A4107551E52A3D7003699AF /* H264Decoder.h */,
				2A4107561E52A3D7003699AF /* H264Decoder.m */,
				2A4107581E52A642003699AF /* LYOpenGLView.h */,
				2A4107591E52A642003699AF /* LYOpenGLView.m */,
				2AD5D6631E5427A000CBFA19 /* AACEncoder.h */,
				2AD5D6641E5427A000CBFA19 /* AACEncoder.m */,
				2AD5D6601E54245F00CBFA19 /* AACDecoder.h */,
				2AD5D6611E54245F00CBFA19 /* AACDecoder.m */,
				2A41075E1E52ACBA003699AF /* qwe.h264 */,
				2A41075F1E52ACBA003699AF /* Shader.fsh */,
				2A4107621E52AF4C003699AF /* Shader.vsh */,
			);
			path = VideoToolBox_Encode;
			sourceTree = "<group>";
		};
		2AE42ECD1E2CC2B800923A61 /* Supporting Files */ = {
			isa = PBXGroup;
			children = (
				2AE42ECE1E2CC2B800923A61 /* main.m */,
			);
			name = "Supporting Files";
			sourceTree = "<group>";
		};
/* End PBXGroup section */

/* Begin PBXNativeTarget section */
		2AE42EC91E2CC2B800923A61 /* VideoToolBox_Encode */ = {
			isa = PBXNativeTarget;
			buildConfigurationList = 2AE42EE11E2CC2B800923A61 /* Build configuration list for PBXNativeTarget "VideoToolBox_Encode" */;
			buildPhases = (
				2AE42EC61E2CC2B800923A61 /* Sources */,
				2AE42EC71E2CC2B800923A61 /* Frameworks */,
				2AE42EC81E2CC2B800923A61 /* Resources */,
			);
			buildRules = (
			);
			dependencies = (
			);
			name = VideoToolBox_Encode;
			productName = VideoToolBox_Encode;
			productReference = 2AE42ECA1E2CC2B800923A61 /* VideoToolBox_Encode.app */;
			productType = "com.apple.product-type.application";
		};
/* End PBXNativeTarget section */

/* Begin PBXProject section */
		2AE42EC21E2CC2B800923A61 /* Project object */ = {
			isa = PBXProject;
			attributes = {
				LastUpgradeCheck = 0820;
				ORGANIZATIONNAME = "刘健";
				TargetAttributes = {
					2AE42EC91E2CC2B800923A61 = {
						CreatedOnToolsVersion = 8.2.1;
						DevelopmentTeam = 2D58CNG8UK;
						ProvisioningStyle = Manual;
					};
				};
			};
			buildConfigurationList = 2AE42EC51E2CC2B800923A61 /* Build configuration list for PBXProject "VideoToolBox_Encode" */;
			compatibilityVersion = "Xcode 3.2";
			developmentRegion = English;
			hasScannedForEncodings = 0;
			knownRegions = (
				en,
				Base,
			);
			mainGroup = 2AE42EC11E2CC2B800923A61;
			productRefGroup = 2AE42ECB1E2CC2B800923A61 /* Products */;
			projectDirPath = "";
			projectRoot = "";
			targets = (
				2AE42EC91E2CC2B800923A61 /* VideoToolBox_Encode */,
			);
		};
/* End PBXProject section */

/* Begin PBXResourcesBuildPhase section */
		2AE42EC81E2CC2B800923A61 /* Resources */ = {
			isa = PBXResourcesBuildPhase;
			buildActionMask = 2147483647;
			files = (
				2AE42EDD1E2CC2B800923A61 /* LaunchScreen.storyboard in Resources */,
				2AE42EDA1E2CC2B800923A61 /* Assets.xcassets in Resources */,
				2A4107631E52AF4C003699AF /* Shader.vsh in Resources */,
				2AE42ED81E2CC2B800923A61 /* Main.storyboard in Resources */,
				2A4107601E52ACBA003699AF /* qwe.h264 in Resources */,
				2A4107611E52ACBA003699AF /* Shader.fsh in Resources */,
			);
			runOnlyForDeploymentPostprocessing = 0;
		};
/* End PBXResourcesBuildPhase section */

/* Begin PBXSourcesBuildPhase section */
		2AE42EC61E2CC2B800923A61 /* Sources */ = {
			isa = PBXSourcesBuildPhase;
			buildActionMask = 2147483647;
			files = (
				2A4107541E529B4C003699AF /* H264Encoder.m in Sources */,
				2AE42ED51E2CC2B800923A61 /* ViewController.m in Sources */,
				2A41075A1E52A642003699AF /* LYOpenGLView.m in Sources */,
				2AE42ED21E2CC2B800923A61 /* AppDelegate.m in Sources */,
				2AD5D6651E5427A000CBFA19 /* AACEncoder.m in Sources */,
				2AD5D6621E54245F00CBFA19 /* AACDecoder.m in Sources */,
				2AE42ECF1E2CC2B800923A61 /* main.m in Sources */,
				2A41075D1E52A708003699AF /* H264DecodeViewController.m in Sources */,
				2A4107571E52A3D7003699AF /* H264Decoder.m in Sources */,
			);
			runOnlyForDeploymentPostprocessing = 0;
		};
/* End PBXSourcesBuildPhase section */

/* Begin PBXVariantGroup section */
		2AE42ED61E2CC2B800923A61 /* Main.storyboard */ = {
			isa = PBXVariantGroup;
			children = (
				2AE42ED71E2CC2B800923A61 /* Base */,
			);
			name = Main.storyboard;
			sourceTree = "<group>";
		};
		2AE42EDB1E2CC2B800923A61 /* LaunchScreen.storyboard */ = {
			isa = PBXVariantGroup;
			children = (
				2AE42EDC1E2CC2B800923A61 /* Base */,
			);
			name = LaunchScreen.storyboard;
			sourceTree = "<group>";
		};
/* End PBXVariantGroup section */

/* Begin XCBuildConfiguration section */
		2AE42EDF1E2CC2B800923A61 /* Debug */ = {
			isa = XCBuildConfiguration;
			buildSettings = {
				ALWAYS_SEARCH_USER_PATHS = NO;
				CLANG_ANALYZER_NONNULL = YES;
				CLANG_CXX_LANGUAGE_STANDARD = "gnu++0x";
				CLANG_CXX_LIBRARY = "libc++";
				CLANG_ENABLE_MODULES = YES;
				CLANG_ENABLE_OBJC_ARC = YES;
				CLANG_WARN_BOOL_CONVERSION = YES;
				CLANG_WARN_CONSTANT_CONVERSION = YES;
				CLANG_WARN_DIRECT_OBJC_ISA_USAGE = YES_ERROR;
				CLANG_WARN_DOCUMENTATION_COMMENTS = YES;
				CLANG_WARN_EMPTY_BODY = YES;
				CLANG_WARN_ENUM_CONVERSION = YES;
				CLANG_WARN_INFINITE_RECURSION = YES;
				CLANG_WARN_INT_CONVERSION = YES;
				CLANG_WARN_OBJC_ROOT_CLASS = YES_ERROR;
				CLANG_WARN_SUSPICIOUS_MOVE = YES;
				CLANG_WARN_UNREACHABLE_CODE = YES;
				CLANG_WARN__DUPLICATE_METHOD_MATCH = YES;
				"CODE_SIGN_IDENTITY[sdk=iphoneos*]" = "iPhone Developer";
				COPY_PHASE_STRIP = NO;
				DEBUG_INFORMATION_FORMAT = dwarf;
				ENABLE_STRICT_OBJC_MSGSEND = YES;
				ENABLE_TESTABILITY = YES;
				GCC_C_LANGUAGE_STANDARD = gnu99;
				GCC_DYNAMIC_NO_PIC = NO;
				GCC_NO_COMMON_BLOCKS = YES;
				GCC_OPTIMIZATION_LEVEL = 0;
				GCC_PREPROCESSOR_DEFINITIONS = (
					"DEBUG=1",
					"$(inherited)",
				);
				GCC_WARN_64_TO_32_BIT_CONVERSION = YES;
				GCC_WARN_ABOUT_RETURN_TYPE = YES_ERROR;
				GCC_WARN_UNDECLARED_SELECTOR = YES;
				GCC_WARN_UNINITIALIZED_AUTOS = YES_AGGRESSIVE;
				GCC_WARN_UNUSED_FUNCTION = YES;
				GCC_WARN_UNUSED_VARIABLE = YES;
				IPHONEOS_DEPLOYMENT_TARGET = 10.2;
				MTL_ENABLE_DEBUG_INFO = YES;
				ONLY_ACTIVE_ARCH = YES;
				SDKROOT = iphoneos;
				TARGETED_DEVICE_FAMILY = "1,2";
			};
			name = Debug;
		};
		2AE42EE01E2CC2B800923A61 /* Release */ = {
			isa = XCBuildConfiguration;
			buildSettings = {
				ALWAYS_SEARCH_USER_PATHS = NO;
				CLANG_ANALYZER_NONNULL = YES;
				CLANG_CXX_LANGUAGE_STANDARD = "gnu++0x";
				CLANG_CXX_LIBRARY = "libc++";
				CLANG_ENABLE_MODULES = YES;
				CLANG_ENABLE_OBJC_ARC = YES;
				CLANG_WARN_BOOL_CONVERSION = YES;
				CLANG_WARN_CONSTANT_CONVERSION = YES;
				CLANG_WARN_DIRECT_OBJC_ISA_USAGE = YES_ERROR;
				CLANG_WARN_DOCUMENTATION_COMMENTS = YES;
				CLANG_WARN_EMPTY_BODY = YES;
				CLANG_WARN_ENUM_CONVERSION = YES;
				CLANG_WARN_INFINITE_RECURSION = YES;
				CLANG_WARN_INT_CONVERSION = YES;
				CLANG_WARN_OBJC_ROOT_CLASS = YES_ERROR;
				CLANG_WARN_SUSPICIOUS_MOVE = YES;
				CLANG_WARN_UNREACHABLE_CODE = YES;
				CLANG_WARN__DUPLICATE_METHOD_MATCH = YES;
				"CODE_SIGN_IDENTITY[sdk=iphoneos*]" = "iPhone Developer";
				COPY_PHASE_STRIP = NO;
				DEBUG_INFORMATION_FORMAT = "dwarf-with-dsym";
				ENABLE_NS_ASSERTIONS = NO;
				ENABLE_STRICT_OBJC_MSGSEND = YES;
				GCC_C_LANGUAGE_STANDARD = gnu99;
				GCC_NO_COMMON_BLOCKS = YES;
				GCC_WARN_64_TO_32_BIT_CONVERSION = YES;
				GCC_WARN_ABOUT_RETURN_TYPE = YES_ERROR;
				GCC_WARN_UNDECLARED_SELECTOR = YES;
				GCC_WARN_UNINITIALIZED_AUTOS = YES_AGGRESSIVE;
				GCC_WARN_UNUSED_FUNCTION = YES;
				GCC_WARN_UNUSED_VARIABLE = YES;
				IPHONEOS_DEPLOYMENT_TARGET = 10.2;
				MTL_ENABLE_DEBUG_INFO = NO;
				SDKROOT = iphoneos;
				TARGETED_DEVICE_FAMILY = "1,2";
				VALIDATE_PRODUCT = YES;
			};
			name = Release;
		};
		2AE42EE21E2CC2B800923A61 /* Debug */ = {
			isa = XCBuildConfiguration;
			buildSettings = {
				ASSETCATALOG_COMPILER_APPICON_NAME = AppIcon;
				DEVELOPMENT_TEAM = 2D58CNG8UK;
				INFOPLIST_FILE = VideoToolBox_Encode/Info.plist;
				IPHONEOS_DEPLOYMENT_TARGET = 8.0;
				LD_RUNPATH_SEARCH_PATHS = "$(inherited) @executable_path/Frameworks";
				PRODUCT_BUNDLE_IDENTIFIER = "www.lj.com.VideoToolBox-Encode";
				PRODUCT_NAME = "$(TARGET_NAME)";
				PROVISIONING_PROFILE = "ea4ed193-4fd2-4d34-b211-7339e52ce4b8";
				PROVISIONING_PROFILE_SPECIFIER = wildcard_20161119_1105;
			};
			name = Debug;
		};
		2AE42EE31E2CC2B800923A61 /* Release */ = {
			isa = XCBuildConfiguration;
			buildSettings = {
				ASSETCATALOG_COMPILER_APPICON_NAME = AppIcon;
				DEVELOPMENT_TEAM = "";
				INFOPLIST_FILE = VideoToolBox_Encode/Info.plist;
				IPHONEOS_DEPLOYMENT_TARGET = 8.0;
				LD_RUNPATH_SEARCH_PATHS = "$(inherited) @executable_path/Frameworks";
				PRODUCT_BUNDLE_IDENTIFIER = "www.lj.com.VideoToolBox-Encode";
				PRODUCT_NAME = "$(TARGET_NAME)";
			};
			name = Release;
		};
/* End XCBuildConfiguration section */

/* Begin XCConfigurationList section */
		2AE42EC51E2CC2B800923A61 /* Build configuration list for PBXProject "VideoToolBox_Encode" */ = {
			isa = XCConfigurationList;
			buildConfigurations = (
				2AE42EDF1E2CC2B800923A61 /* Debug */,
				2AE42EE01E2CC2B800923A61 /* Release */,
			);
			defaultConfigurationIsVisible = 0;
			defaultConfigurationName = Release;
		};
		2AE42EE11E2CC2B800923A61 /* Build configuration list for PBXNativeTarget "VideoToolBox_Encode" */ = {
			isa = XCConfigurationList;
			buildConfigurations = (
				2AE42EE21E2CC2B800923A61 /* Debug */,
				2AE42EE31E2CC2B800923A61 /* Release */,
			);
			defaultConfigurationIsVisible = 0;
			defaultConfigurationName = Release;
		};
/* End XCConfigurationList section */
	};
	rootObject = 2AE42EC21E2CC2B800923A61 /* Project object */;
}
